
Microsoft Visual Studio Solution File, Format Version 12.00
# Visual Studio Version 16
VisualStudioVersion = 16.0.30611.23
MinimumVisualStudioVersion = 10.0.40219.1
Project("{2150E333-8FDC-42A3-9474-1A3956D46DE8}") = "Singleton_CSharp", "Singleton_CSharp", "{4BED5678-542B-469E-99CA-7288B688101B}"
EndProject
Project("{FAE04EC0-301F-11D3-BF4B-00C04F79EFBC}") = "Patron Singleton", "..\Patron Singleton\Patron Singleton.csproj", "{F95CE820-2FEE-4463-AFB5-662EF09CFDF8}"
EndProject
Project("{2150E333-8FDC-42A3-9474-1A3956D46DE8}") = "Factory_CSharp", "Factory_CSharp", "{D072A890-8EF4-42D6-859B-39D5544EBB84}"
EndProject
Project("{FAE04EC0-301F-11D3-BF4B-00C04F79EFBC}") = "Patron Factory", "..\Patron Factory\Patron Factory.csproj", "{FE181BBA-147D-46BB-92B5-3FA27FB665CC}"
EndProject
Project("{2150E333-8FDC-42A3-9474-1A3956D46DE8}") = "Template_CSharp", "Template_CSharp", "{AF2BDD84-53BD-4B16-A2C9-AB8A4AC8520E}"
EndProject
Project("{FAE04EC0-301F-11D3-BF4B-00C04F79EFBC}") = "Patron Template", "Patron Template\Patron Template.csproj", "{41CC4BE1-8C28-4040-B55C-42CB8BDB0A4F}"
EndProject
Global
	GlobalSection(SolutionConfigurationPlatforms) = preSolution
		Debug|Any CPU = Debug|Any CPU
		Release|Any CPU = Release|Any CPU
	EndGlobalSection
	GlobalSection(ProjectConfigurationPlatforms) = postSolution
		{F95CE820-2FEE-4463-AFB5-662EF09CFDF8}.Debug|Any CPU.ActiveCfg = Debug|Any CPU
		{F95CE820-2FEE-4463-AFB5-662EF09CFDF8}.Debug|Any CPU.Build.0 = Debug|Any CPU
		{F95CE820-2FEE-4463-AFB5-662EF09CFDF8}.Release|Any CPU.ActiveCfg = Release|Any CPU
		{F95CE820-2FEE-4463-AFB5-662EF09CFDF8}.Release|Any CPU.Build.0 = Release|Any CPU
		{FE181BBA-147D-46BB-92B5-3FA27FB665CC}.Debug|Any CPU.ActiveCfg = Debug|Any CPU
		{FE181BBA-147D-46BB-92B5-3FA27FB665CC}.Debug|Any CPU.Build.0 = Debug|Any CPU
		{FE181BBA-147D-46BB-92B5-3FA27FB665CC}.Release|Any CPU.ActiveCfg = Release|Any CPU
		{FE181BBA-147D-46BB-92B5-3FA27FB665CC}.Release|Any CPU.Build.0 = Release|Any CPU
		{41CC4BE1-8C28-4040-B55C-42CB8BDB0A4F}.Debug|Any CPU.ActiveCfg = Debug|Any CPU
		{41CC4BE1-8C28-4040-B55C-42CB8BDB0A4F}.Debug|Any CPU.Build.0 = Debug|Any CPU
		{41CC4BE1-8C28-4040-B55C-42CB8BDB0A4F}.Release|Any CPU.ActiveCfg = Release|Any CPU
		{41CC4BE1-8C28-4040-B55C-42CB8BDB0A4F}.Release|Any CPU.Build.0 = Release|Any CPU
	EndGlobalSection
	GlobalSection(SolutionProperties) = preSolution
		HideSolutionNode = FALSE
	EndGlobalSection
	GlobalSection(NestedProjects) = preSolution
		{F95CE820-2FEE-4463-AFB5-662EF09CFDF8} = {4BED5678-542B-469E-99CA-7288B688101B}
		{FE181BBA-147D-46BB-92B5-3FA27FB665CC} = {D072A890-8EF4-42D6-859B-39D5544EBB84}
		{41CC4BE1-8C28-4040-B55C-42CB8BDB0A4F} = {AF2BDD84-53BD-4B16-A2C9-AB8A4AC8520E}
	EndGlobalSection
	GlobalSection(ExtensibilityGlobals) = postSolution
		SolutionGuid = {E39F53B5-2757-45CC-86AF-2295438CA75A}
	EndGlobalSection
EndGlobal
